
Microsoft Visual Studio Solution File, Format Version 10.00
# Visual Studio 2008
Project("{8BC9CEB8-8B4A-11D0-8D11-00A0C91BC942}") = "MyDemomm", "MyDemomm\MyDemomm.vcproj", "{F13D9694-3C43-4558-9A99-1F8F14253F0E}"
	ProjectSection(ProjectDependencies) = postProject
		{E650DD0B-091C-437A-850B-5939D786C6D1} = {E650DD0B-091C-437A-850B-5939D786C6D1}
		{40FAEC66-C864-49EB-A511-E250D35F99E2} = {40FAEC66-C864-49EB-A511-E250D35F99E2}
		{BB53F27E-5E92-4C38-8877-E907C4FECF98} = {BB53F27E-5E92-4C38-8877-E907C4FECF98}
		{D3BDFF80-0E8C-4AF3-B8CB-41CE8A513CAA} = {D3BDFF80-0E8C-4AF3-B8CB-41CE8A513CAA}
		{E48649B3-18D3-4EA5-8277-9869FDEB892A} = {E48649B3-18D3-4EA5-8277-9869FDEB892A}
		{2449FFE6-FC0E-4BD4-9013-EE1EDB870F1C} = {2449FFE6-FC0E-4BD4-9013-EE1EDB870F1C}
	EndProjectSection
EndProject
Project("{8BC9CEB8-8B4A-11D0-8D11-00A0C91BC942}") = "Framework", "Framework\Framework.vcproj", "{40FAEC66-C864-49EB-A511-E250D35F99E2}"
	ProjectSection(ProjectDependencies) = postProject
		{E650DD0B-091C-437A-850B-5939D786C6D1} = {E650DD0B-091C-437A-850B-5939D786C6D1}
		{D3BDFF80-0E8C-4AF3-B8CB-41CE8A513CAA} = {D3BDFF80-0E8C-4AF3-B8CB-41CE8A513CAA}
		{E48649B3-18D3-4EA5-8277-9869FDEB892A} = {E48649B3-18D3-4EA5-8277-9869FDEB892A}
	EndProjectSection
EndProject
Project("{8BC9CEB8-8B4A-11D0-8D11-00A0C91BC942}") = "DXRender", "DXRender\DXRender.vcproj", "{2449FFE6-FC0E-4BD4-9013-EE1EDB870F1C}"
	ProjectSection(ProjectDependencies) = postProject
		{D3BDFF80-0E8C-4AF3-B8CB-41CE8A513CAA} = {D3BDFF80-0E8C-4AF3-B8CB-41CE8A513CAA}
	EndProjectSection
EndProject
Project("{8BC9CEB8-8B4A-11D0-8D11-00A0C91BC942}") = "Common", "Common\Common.vcproj", "{D3BDFF80-0E8C-4AF3-B8CB-41CE8A513CAA}"
EndProject
Project("{8BC9CEB8-8B4A-11D0-8D11-00A0C91BC942}") = "Animation", "Animation\Animation.vcproj", "{E650DD0B-091C-437A-850B-5939D786C6D1}"
	ProjectSection(ProjectDependencies) = postProject
		{D3BDFF80-0E8C-4AF3-B8CB-41CE8A513CAA} = {D3BDFF80-0E8C-4AF3-B8CB-41CE8A513CAA}
	EndProjectSection
EndProject
Project("{8BC9CEB8-8B4A-11D0-8D11-00A0C91BC942}") = "Serialize", "Serialize\Serialize.vcproj", "{E48649B3-18D3-4EA5-8277-9869FDEB892A}"
	ProjectSection(ProjectDependencies) = postProject
		{D3BDFF80-0E8C-4AF3-B8CB-41CE8A513CAA} = {D3BDFF80-0E8C-4AF3-B8CB-41CE8A513CAA}
	EndProjectSection
EndProject
Project("{8BC9CEB8-8B4A-11D0-8D11-00A0C91BC942}") = "BulletPhysics", "BulletPhysics\BulletPhysics.vcproj", "{BB53F27E-5E92-4C38-8877-E907C4FECF98}"
	ProjectSection(ProjectDependencies) = postProject
		{D3BDFF80-0E8C-4AF3-B8CB-41CE8A513CAA} = {D3BDFF80-0E8C-4AF3-B8CB-41CE8A513CAA}
	EndProjectSection
EndProject
Global
	GlobalSection(SolutionConfigurationPlatforms) = preSolution
		Debug|Win32 = Debug|Win32
		Release|Win32 = Release|Win32
	EndGlobalSection
	GlobalSection(ProjectConfigurationPlatforms) = postSolution
		{F13D9694-3C43-4558-9A99-1F8F14253F0E}.Debug|Win32.ActiveCfg = Debug|Win32
		{F13D9694-3C43-4558-9A99-1F8F14253F0E}.Debug|Win32.Build.0 = Debug|Win32
		{F13D9694-3C43-4558-9A99-1F8F14253F0E}.Release|Win32.ActiveCfg = Release|Win32
		{F13D9694-3C43-4558-9A99-1F8F14253F0E}.Release|Win32.Build.0 = Release|Win32
		{40FAEC66-C864-49EB-A511-E250D35F99E2}.Debug|Win32.ActiveCfg = Debug|Win32
		{40FAEC66-C864-49EB-A511-E250D35F99E2}.Debug|Win32.Build.0 = Debug|Win32
		{40FAEC66-C864-49EB-A511-E250D35F99E2}.Release|Win32.ActiveCfg = Release|Win32
		{40FAEC66-C864-49EB-A511-E250D35F99E2}.Release|Win32.Build.0 = Release|Win32
		{2449FFE6-FC0E-4BD4-9013-EE1EDB870F1C}.Debug|Win32.ActiveCfg = Debug|Win32
		{2449FFE6-FC0E-4BD4-9013-EE1EDB870F1C}.Debug|Win32.Build.0 = Debug|Win32
		{2449FFE6-FC0E-4BD4-9013-EE1EDB870F1C}.Release|Win32.ActiveCfg = Release|Win32
		{2449FFE6-FC0E-4BD4-9013-EE1EDB870F1C}.Release|Win32.Build.0 = Release|Win32
		{D3BDFF80-0E8C-4AF3-B8CB-41CE8A513CAA}.Debug|Win32.ActiveCfg = Debug|Win32
		{D3BDFF80-0E8C-4AF3-B8CB-41CE8A513CAA}.Debug|Win32.Build.0 = Debug|Win32
		{D3BDFF80-0E8C-4AF3-B8CB-41CE8A513CAA}.Release|Win32.ActiveCfg = Release|Win32
		{D3BDFF80-0E8C-4AF3-B8CB-41CE8A513CAA}.Release|Win32.Build.0 = Release|Win32
		{E650DD0B-091C-437A-850B-5939D786C6D1}.Debug|Win32.ActiveCfg = Debug|Win32
		{E650DD0B-091C-437A-850B-5939D786C6D1}.Debug|Win32.Build.0 = Debug|Win32
		{E650DD0B-091C-437A-850B-5939D786C6D1}.Release|Win32.ActiveCfg = Release|Win32
		{E650DD0B-091C-437A-850B-5939D786C6D1}.Release|Win32.Build.0 = Release|Win32
		{E48649B3-18D3-4EA5-8277-9869FDEB892A}.Debug|Win32.ActiveCfg = Debug|Win32
		{E48649B3-18D3-4EA5-8277-9869FDEB892A}.Debug|Win32.Build.0 = Debug|Win32
		{E48649B3-18D3-4EA5-8277-9869FDEB892A}.Release|Win32.ActiveCfg = Release|Win32
		{E48649B3-18D3-4EA5-8277-9869FDEB892A}.Release|Win32.Build.0 = Release|Win32
		{BB53F27E-5E92-4C38-8877-E907C4FECF98}.Debug|Win32.ActiveCfg = Debug|Win32
		{BB53F27E-5E92-4C38-8877-E907C4FECF98}.Debug|Win32.Build.0 = Debug|Win32
		{BB53F27E-5E92-4C38-8877-E907C4FECF98}.Release|Win32.ActiveCfg = Release|Win32
		{BB53F27E-5E92-4C38-8877-E907C4FECF98}.Release|Win32.Build.0 = Release|Win32
	EndGlobalSection
	GlobalSection(SolutionProperties) = preSolution
		HideSolutionNode = FALSE
	EndGlobalSection
EndGlobal
